
Microsoft Visual Studio Solution File, Format Version 12.00
# Visual Studio Version 17
VisualStudioVersion = 17.4.33103.184
MinimumVisualStudioVersion = 10.0.40219.1
Project("{FAE04EC0-301F-11D3-BF4B-00C04F79EFBC}") = "RandomPasswordGenerator", "RandomPasswordGenerator.csproj", "{48BE4C31-531B-4C57-ADA1-A7978044753D}"
EndProject
Global
	GlobalSection(SolutionConfigurationPlatforms) = preSolution
		Debug|Any CPU = Debug|Any CPU
		Release|Any CPU = Release|Any CPU
	EndGlobalSection
	GlobalSection(ProjectConfigurationPlatforms) = postSolution
		{48BE4C31-531B-4C57-ADA1-A7978044753D}.Debug|Any CPU.ActiveCfg = Debug|Any CPU
		{48BE4C31-531B-4C57-ADA1-A7978044753D}.Debug|Any CPU.Build.0 = Debug|Any CPU
		{48BE4C31-531B-4C57-ADA1-A7978044753D}.Release|Any CPU.ActiveCfg = Release|Any CPU
		{48BE4C31-531B-4C57-ADA1-A7978044753D}.Release|Any CPU.Build.0 = Release|Any CPU
	EndGlobalSection
	GlobalSection(SolutionProperties) = preSolution
		HideSolutionNode = FALSE
	EndGlobalSection
	GlobalSection(ExtensibilityGlobals) = postSolution
		SolutionGuid = {B38F1B81-E5B5-4D8E-A954-1E2F0E6AD966}
	EndGlobalSection
EndGlobal
